
Microsoft Visual Studio Solution File, Format Version 12.00
# Visual Studio 2013
VisualStudioVersion = 12.0.21005.1
MinimumVisualStudioVersion = 10.0.40219.1
Project("{8BC9CEB8-8B4A-11D0-8D11-00A0C91BC942}") = "test_5.29.2", "test_5.29.2\test_5.29.2.vcxproj", "{73959610-E67D-46D1-AB31-3AE571A05BB4}"
EndProject
Global
	GlobalSection(SolutionConfigurationPlatforms) = preSolution
		Debug|Win32 = Debug|Win32
		Release|Win32 = Release|Win32
	EndGlobalSection
	GlobalSection(ProjectConfigurationPlatforms) = postSolution
		{73959610-E67D-46D1-AB31-3AE571A05BB4}.Debug|Win32.ActiveCfg = Debug|Win32
		{73959610-E67D-46D1-AB31-3AE571A05BB4}.Debug|Win32.Build.0 = Debug|Win32
		{73959610-E67D-46D1-AB31-3AE571A05BB4}.Release|Win32.ActiveCfg = Release|Win32
		{73959610-E67D-46D1-AB31-3AE571A05BB4}.Release|Win32.Build.0 = Release|Win32
	EndGlobalSection
	GlobalSection(SolutionProperties) = preSolution
		HideSolutionNode = FALSE
	EndGlobalSection
EndGlobal
