
Microsoft Visual Studio Solution File, Format Version 12.00
# Visual Studio 2013
VisualStudioVersion = 12.0.21005.1
MinimumVisualStudioVersion = 10.0.40219.1
Project("{8BC9CEB8-8B4A-11D0-8D11-00A0C91BC942}") = "cheng_fa_kou_jue_biao_1", "cheng_fa_kou_jue_biao_1\cheng_fa_kou_jue_biao_1.vcxproj", "{CF27B1F6-9710-4295-A4C7-6E80848DEBBA}"
EndProject
Global
	GlobalSection(SolutionConfigurationPlatforms) = preSolution
		Debug|Win32 = Debug|Win32
		Release|Win32 = Release|Win32
	EndGlobalSection
	GlobalSection(ProjectConfigurationPlatforms) = postSolution
		{CF27B1F6-9710-4295-A4C7-6E80848DEBBA}.Debug|Win32.ActiveCfg = Debug|Win32
		{CF27B1F6-9710-4295-A4C7-6E80848DEBBA}.Debug|Win32.Build.0 = Debug|Win32
		{CF27B1F6-9710-4295-A4C7-6E80848DEBBA}.Release|Win32.ActiveCfg = Release|Win32
		{CF27B1F6-9710-4295-A4C7-6E80848DEBBA}.Release|Win32.Build.0 = Release|Win32
	EndGlobalSection
	GlobalSection(SolutionProperties) = preSolution
		HideSolutionNode = FALSE
	EndGlobalSection
EndGlobal
